
Microsoft Visual Studio Solution File, Format Version 12.00
# Visual Studio Version 16
VisualStudioVersion = 16.0.31515.178
MinimumVisualStudioVersion = 10.0.40219.1
Project("{FAE04EC0-301F-11D3-BF4B-00C04F79EFBC}") = "DefiEtoilesMagiques", "DefiEtoilesMagiques.csproj", "{EE77AD75-810F-4CEE-831F-5F9D33B5A87B}"
EndProject
Global
	GlobalSection(SolutionConfigurationPlatforms) = preSolution
		Debug|Any CPU = Debug|Any CPU
		Release|Any CPU = Release|Any CPU
	EndGlobalSection
	GlobalSection(ProjectConfigurationPlatforms) = postSolution
		{EE77AD75-810F-4CEE-831F-5F9D33B5A87B}.Debug|Any CPU.ActiveCfg = Debug|Any CPU
		{EE77AD75-810F-4CEE-831F-5F9D33B5A87B}.Debug|Any CPU.Build.0 = Debug|Any CPU
		{EE77AD75-810F-4CEE-831F-5F9D33B5A87B}.Release|Any CPU.ActiveCfg = Release|Any CPU
		{EE77AD75-810F-4CEE-831F-5F9D33B5A87B}.Release|Any CPU.Build.0 = Release|Any CPU
	EndGlobalSection
	GlobalSection(SolutionProperties) = preSolution
		HideSolutionNode = FALSE
	EndGlobalSection
	GlobalSection(ExtensibilityGlobals) = postSolution
		SolutionGuid = {E6F1AD69-E0B5-423C-8DBE-9EBF74F50533}
	EndGlobalSection
EndGlobal
